
Microsoft Visual Studio Solution File, Format Version 11.00
# Visual Studio 2010
Project("{8BC9CEB8-8B4A-11D0-8D11-00A0C91BC942}") = "CustomControl", "CustomControl\CustomControl.vcxproj", "{92BAB672-12A3-4F8A-A3EB-BD933081A849}"
EndProject
Project("{8BC9CEB8-8B4A-11D0-8D11-00A0C91BC942}") = "MP3Player", "MP3Player\MP3Player.vcxproj", "{8C21AF14-83BA-45B2-9E22-9E76015F075B}"
EndProject
Global
	GlobalSection(SolutionConfigurationPlatforms) = preSolution
		Debug|Win32 = Debug|Win32
		Release|Win32 = Release|Win32
	EndGlobalSection
	GlobalSection(ProjectConfigurationPlatforms) = postSolution
		{92BAB672-12A3-4F8A-A3EB-BD933081A849}.Debug|Win32.ActiveCfg = Debug|Win32
		{92BAB672-12A3-4F8A-A3EB-BD933081A849}.Debug|Win32.Build.0 = Debug|Win32
		{92BAB672-12A3-4F8A-A3EB-BD933081A849}.Release|Win32.ActiveCfg = Release|Win32
		{92BAB672-12A3-4F8A-A3EB-BD933081A849}.Release|Win32.Build.0 = Release|Win32
		{8C21AF14-83BA-45B2-9E22-9E76015F075B}.Debug|Win32.ActiveCfg = Debug|Win32
		{8C21AF14-83BA-45B2-9E22-9E76015F075B}.Debug|Win32.Build.0 = Debug|Win32
		{8C21AF14-83BA-45B2-9E22-9E76015F075B}.Release|Win32.ActiveCfg = Release|Win32
		{8C21AF14-83BA-45B2-9E22-9E76015F075B}.Release|Win32.Build.0 = Release|Win32
	EndGlobalSection
	GlobalSection(SolutionProperties) = preSolution
		HideSolutionNode = FALSE
	EndGlobalSection
EndGlobal
